<?xml version="1.0" encoding="UTF-8" standalone="yes" ?>
<CodeBlocks_project_file>
	<FileVersion major="1" minor="6" />
	<Project>
		<Option title="mypattern-base-test" />
		<Option pch_mode="2" />
		<Option compiler="gcc" />
		<Build>
			<Target title="Debug">
				<Option output="mypattern-base-test" prefix_auto="0" extension_auto="1" />
				<Option object_output="obj/Debug/" />
				<Option type="1" />
				<Option compiler="gcc" />
				<Option use_console_runner="0" />
				<Compiler>
					<Add option="-std=c++0x" />
					<Add option="-Wall" />
					<Add option="-g" />
				</Compiler>
				<Linker>
					<Add library="d_mypattern-base" />
					<Add library="glibmm-2.4" />
					<Add directory="$(GTK_BASEPATH)/lib" />
				</Linker>
				<ExtraCommands>
					<Add after="./mypattern-base-test junit" />
					<Mode after="always" />
				</ExtraCommands>
			</Target>
			<Target title="Release">
				<Option output="libmypattern-base-test" prefix_auto="1" extension_auto="1" />
				<Option object_output="obj/Release/" />
				<Option type="1" />
				<Option compiler="gcc" />
				<Option use_console_runner="0" />
				<Compiler>
					<Add option="-O2" />
					<Add option="-std=c++0x" />
					<Add option="-Wall" />
				</Compiler>
				<Linker>
					<Add option="-s" />
					<Add library="mypattern-base" />
					<Add library="glibmm-2.4" />
					<Add directory="$(GTK_BASEPATH)/lib" />
				</Linker>
			</Target>
			<Target title="Debug Linux">
				<Option output="mypattern-base-test" prefix_auto="1" extension_auto="1" />
				<Option object_output="obj/Debug/" />
				<Option type="1" />
				<Option compiler="gcc" />
				<Option use_console_runner="0" />
				<Compiler>
					<Add option="-std=c++11" />
					<Add option="-Wall" />
					<Add option="-g" />
					<Add directory="include" />
					<Add directory="/usr/include/glibmm-2.4" />
					<Add directory="/usr/lib/i386-linux-gnu/glibmm-2.4/include" />
					<Add directory="/usr/include/glib-2.0" />
					<Add directory="/usr/lib/i386-linux-gnu/glib-2.0/include" />
					<Add directory="/usr/include/cairomm-1.0" />
					<Add directory="/usr/include/cairo" />
					<Add directory="/usr/include/sigc++-2.0" />
					<Add directory="/usr/include" />
					<Add directory="/usr/include/freetype2" />
					<Add directory="/usr/lib/i386-linux-gnu/cairomm-1.0/include" />
					<Add directory="/usr/lib/i386-linux-gnu/sigc++-2.0/include/" />
				</Compiler>
				<Linker>
					<Add library="d_mypattern-base" />
					<Add library="sigc-2.0" />
					<Add library="../mypattern-base/libd_mypattern-base.a" />
					<Add library="cairomm-1.0" />
					<Add directory="/usr/lib/i386-linux-gnu/" />
					<Add directory="../UnitTest++/bin/Debug" />
				</Linker>
				<ExtraCommands>
					<Add after="./mypattern-base-test" />
					<Mode after="always" />
				</ExtraCommands>
			</Target>
			<Target title="Release Linux">
				<Option output="mypattern-base-test" prefix_auto="1" extension_auto="1" />
				<Option object_output="obj/Release/" />
				<Option type="1" />
				<Option compiler="gcc" />
				<Option use_console_runner="0" />
				<Compiler>
					<Add option="-std=c++11" />
					<Add option="-Wall" />
					<Add directory="include" />
					<Add directory="/usr/include/glibmm-2.4" />
					<Add directory="/usr/lib/i386-linux-gnu/glibmm-2.4/include" />
					<Add directory="/usr/include/glib-2.0" />
					<Add directory="/usr/lib/i386-linux-gnu/glib-2.0/include" />
					<Add directory="/usr/include/cairomm-1.0" />
					<Add directory="/usr/include/cairo" />
					<Add directory="/usr/include/sigc++-2.0" />
					<Add directory="/usr/include" />
					<Add directory="/usr/include/freetype2" />
					<Add directory="/usr/lib/i386-linux-gnu/cairomm-1.0/include" />
					<Add directory="/usr/lib/i386-linux-gnu/sigc++-2.0/include/" />
				</Compiler>
				<Linker>
					<Add library="mypattern-base" />
					<Add directory="/usr/lib/i386-linux-gnu/" />
				</Linker>
			</Target>
		</Build>
		<Compiler>
			<Add option="-std=c++0x" />
			<Add directory="include" />
			<Add directory="$(GTK_BASEPATH)/include/glibmm-2.4" />
			<Add directory="$(GTK_BASEPATH)/lib/glibmm-2.4/include" />
			<Add directory="$(GTK_BASEPATH)/include/glib-2.0" />
			<Add directory="$(GTK_BASEPATH)/lib/glib-2.0/include" />
			<Add directory="$(GTK_BASEPATH)/include/cairomm-1.0" />
			<Add directory="$(GTK_BASEPATH)/include/cairo" />
			<Add directory="$(GTK_BASEPATH)/include/sigc++-2.0" />
			<Add directory="$(GTK_BASEPATH)/include" />
			<Add directory="$(GTK_BASEPATH)/include/freetype2" />
			<Add directory="$(GTK_BASEPATH)/lib/cairomm-1.0/include" />
			<Add directory="$(GTK_BASEPATH)/lib/sigc++-2.0/include" />
			<Add directory="../mypattern-base/include" />
			<Add directory="../UnitTest++/src" />
		</Compiler>
		<Linker>
			<Add library="glibmm-2.4" />
			<Add library="glib-2.0" />
			<Add library="gtkmm-3.0" />
			<Add library="sigc-2.0" />
			<Add library="UnitTest++" />
			<Add library="cairomm-1.0" />
			<Add directory="../mypattern-base/" />
			<Add directory="../mypattern-base" />
			<Add directory="../UnitTest++/bin/Debug" />
		</Linker>
		<Unit filename="Makefile" />
		<Unit filename="src/INT_EvaluationTree.cpp" />
		<Unit filename="src/INT_Formulae.cpp" />
		<Unit filename="src/INT_PartDefinition.cpp" />
		<Unit filename="src/UNT_Bezier.cpp" />
		<Unit filename="src/UNT_ConstantTerm.cpp" />
		<Unit filename="src/UNT_CurveDefinition_BezierDefinition.cpp" />
		<Unit filename="src/UNT_DifferenceTerm.cpp" />
		<Unit filename="src/UNT_Exception.cpp" />
		<Unit filename="src/UNT_FormulaEvaluationException.cpp" />
		<Unit filename="src/UNT_Landmark.cpp" />
		<Unit filename="src/UNT_MeasureValue.cpp" />
		<Unit filename="src/UNT_Measures.cpp" />
		<Unit filename="src/UNT_Point.cpp" />
		<Unit filename="src/UNT_ProductTerm.cpp" />
		<Unit filename="src/UNT_QuotientTerm.cpp" />
		<Unit filename="src/UNT_ScalarTerm.cpp" />
		<Unit filename="src/UNT_SumTerm.cpp" />
		<Unit filename="src/main.cpp" />
		<Extensions>
			<code_completion />
			<debugger />
			<envvars />
			<DoxyBlocks>
				<comment_style block="0" line="0" />
				<doxyfile_project />
				<doxyfile_build />
				<doxyfile_warnings />
				<doxyfile_output />
				<doxyfile_dot />
				<general />
			</DoxyBlocks>
		</Extensions>
	</Project>
</CodeBlocks_project_file>
