<?xml version="1.0" encoding="UTF-8" standalone="yes" ?>
<CodeBlocks_project_file>
	<FileVersion major="1" minor="6" />
	<Project>
		<Option title="mypattern-data-test" />
		<Option pch_mode="2" />
		<Option compiler="gcc" />
		<Build>
			<Target title="Debug Linux">
				<Option output="bin/Debug/mypattern-data-test" prefix_auto="1" extension_auto="1" />
				<Option object_output="obj/Debug/" />
				<Option type="1" />
				<Option compiler="gcc" />
				<Compiler>
					<Add option="-std=c++11" />
					<Add option="-g" />
				</Compiler>
				<Linker>
					<Add library="d_mypattern-data" />
					<Add library="d_mypattern-base" />
					<Add library="d_UnitTest++" />
					<Add directory="../UnitTest++/" />
				</Linker>
			</Target>
			<Target title="Release Linux">
				<Option output="bin/Release/mypattern-data-test" prefix_auto="1" extension_auto="1" />
				<Option object_output="obj/Release/" />
				<Option type="1" />
				<Option compiler="gcc" />
				<Compiler>
					<Add option="-O2" />
					<Add option="-std=c++11" />
				</Compiler>
				<Linker>
					<Add option="-s" />
					<Add library="mypattern-base" />
					<Add library="mypattern-data" />
					<Add library="UnitTest++" />
					<Add directory="../UnitTest++/" />
				</Linker>
			</Target>
		</Build>
		<Compiler>
			<Add option="-Wall" />
			<Add option="-fexceptions" />
			<Add directory="../mypattern-base/include" />
			<Add directory="../mypattern-data/include" />
			<Add directory="../UnitTest++/src" />
			<Add directory="../mypattern-exceptions/include" />
		</Compiler>
		<Linker>
			<Add directory="../mypattern-data" />
			<Add directory="../mypattern-base" />
			<Add directory="../mypattern-exceptions" />
		</Linker>
		<Unit filename="main.cpp" />
		<Unit filename="xmlelementtest.cpp" />
		<Unit filename="xmlnodetest.cpp" />
		<Unit filename="xmlparametertest.cpp" />
		<Extensions>
			<code_completion />
			<debugger />
			<envvars />
			<lib_finder>
				<lib name="glibmm-2.4" />
				<lib name="glib-2.0" />
			</lib_finder>
		</Extensions>
	</Project>
</CodeBlocks_project_file>
